
Microsoft Visual Studio Solution File, Format Version 12.00
# Visual Studio Version 17
VisualStudioVersion = 17.10.35027.167
MinimumVisualStudioVersion = 10.0.40219.1
Project("{2150E333-8FDC-42A3-9474-1A3956D46DE8}") = "Core", "Core", "{3BB88056-5387-47FC-8A6A-76A77D91594E}"
EndProject
Project("{2150E333-8FDC-42A3-9474-1A3956D46DE8}") = "Infrastructure", "Infrastructure", "{EA9746A2-0EB8-45FA-959F-EDB3D79AECBC}"
EndProject
Project("{2150E333-8FDC-42A3-9474-1A3956D46DE8}") = "API", "API", "{ADA800B8-E2F6-41F3-AE7C-1F1446A4E978}"
EndProject
Project("{9A19103F-16F7-4668-BE54-9A1E7A4F7556}") = "CleanArchTask.Domain", "Domain\CleanArchTask.Domain.csproj", "{26707954-4079-4AD6-A79D-1BD0B246F398}"
EndProject
Project("{9A19103F-16F7-4668-BE54-9A1E7A4F7556}") = "CleanArchTask.Application", "Application\CleanArchTask.Application.csproj", "{A6A0EAD4-AA1F-4754-B059-8CF6B17561B5}"
EndProject
Project("{9A19103F-16F7-4668-BE54-9A1E7A4F7556}") = "CleanArchTask.Persistence", "Persistence\CleanArchTask.Persistence.csproj", "{24FEA496-AFD1-4531-9BE0-659DF70B0421}"
EndProject
Project("{9A19103F-16F7-4668-BE54-9A1E7A4F7556}") = "CleanArchTask.API", "CleanArchTask.API\CleanArchTask.API.csproj", "{E52AC238-3F8B-4E4B-B3E4-F6C69DEB3E18}"
EndProject
Global
	GlobalSection(SolutionConfigurationPlatforms) = preSolution
		Debug|Any CPU = Debug|Any CPU
		Release|Any CPU = Release|Any CPU
	EndGlobalSection
	GlobalSection(ProjectConfigurationPlatforms) = postSolution
		{26707954-4079-4AD6-A79D-1BD0B246F398}.Debug|Any CPU.ActiveCfg = Debug|Any CPU
		{26707954-4079-4AD6-A79D-1BD0B246F398}.Debug|Any CPU.Build.0 = Debug|Any CPU
		{26707954-4079-4AD6-A79D-1BD0B246F398}.Release|Any CPU.ActiveCfg = Release|Any CPU
		{26707954-4079-4AD6-A79D-1BD0B246F398}.Release|Any CPU.Build.0 = Release|Any CPU
		{A6A0EAD4-AA1F-4754-B059-8CF6B17561B5}.Debug|Any CPU.ActiveCfg = Debug|Any CPU
		{A6A0EAD4-AA1F-4754-B059-8CF6B17561B5}.Debug|Any CPU.Build.0 = Debug|Any CPU
		{A6A0EAD4-AA1F-4754-B059-8CF6B17561B5}.Release|Any CPU.ActiveCfg = Release|Any CPU
		{A6A0EAD4-AA1F-4754-B059-8CF6B17561B5}.Release|Any CPU.Build.0 = Release|Any CPU
		{24FEA496-AFD1-4531-9BE0-659DF70B0421}.Debug|Any CPU.ActiveCfg = Debug|Any CPU
		{24FEA496-AFD1-4531-9BE0-659DF70B0421}.Debug|Any CPU.Build.0 = Debug|Any CPU
		{24FEA496-AFD1-4531-9BE0-659DF70B0421}.Release|Any CPU.ActiveCfg = Release|Any CPU
		{24FEA496-AFD1-4531-9BE0-659DF70B0421}.Release|Any CPU.Build.0 = Release|Any CPU
		{E52AC238-3F8B-4E4B-B3E4-F6C69DEB3E18}.Debug|Any CPU.ActiveCfg = Debug|Any CPU
		{E52AC238-3F8B-4E4B-B3E4-F6C69DEB3E18}.Debug|Any CPU.Build.0 = Debug|Any CPU
		{E52AC238-3F8B-4E4B-B3E4-F6C69DEB3E18}.Release|Any CPU.ActiveCfg = Release|Any CPU
		{E52AC238-3F8B-4E4B-B3E4-F6C69DEB3E18}.Release|Any CPU.Build.0 = Release|Any CPU
	EndGlobalSection
	GlobalSection(SolutionProperties) = preSolution
		HideSolutionNode = FALSE
	EndGlobalSection
	GlobalSection(NestedProjects) = preSolution
		{26707954-4079-4AD6-A79D-1BD0B246F398} = {3BB88056-5387-47FC-8A6A-76A77D91594E}
		{A6A0EAD4-AA1F-4754-B059-8CF6B17561B5} = {3BB88056-5387-47FC-8A6A-76A77D91594E}
		{24FEA496-AFD1-4531-9BE0-659DF70B0421} = {EA9746A2-0EB8-45FA-959F-EDB3D79AECBC}
		{E52AC238-3F8B-4E4B-B3E4-F6C69DEB3E18} = {ADA800B8-E2F6-41F3-AE7C-1F1446A4E978}
	EndGlobalSection
	GlobalSection(ExtensibilityGlobals) = postSolution
		SolutionGuid = {2D7CCCD3-BEB4-4D48-BD02-2C97604558D3}
	EndGlobalSection
EndGlobal
